// !$*UTF8*$!
{
	archiveVersion = 1;
	classes = {
	};
	objectVersion = 48;
	objects = {

/* Begin PBXBuildFile section */
		043E38221FBA819E00ED03B1 /* AppDelegate.m in Sources */ = {isa = PBXBuildFile; fileRef = 043E38211FBA819E00ED03B1 /* AppDelegate.m */; };
		043E38251FBA819E00ED03B1 /* ViewController.m in Sources */ = {isa = PBXBuildFile; fileRef = 043E38241FBA819E00ED03B1 /* ViewController.m */; };
		043E38281FBA819E00ED03B1 /* Main.storyboard in Resources */ = {isa = PBXBuildFile; fileRef = 043E38261FBA819E00ED03B1 /* Main.storyboard */; };
		043E382A1FBA819E00ED03B1 /* Assets.xcassets in Resources */ = {isa = PBXBuildFile; fileRef = 043E38291FBA819E00ED03B1 /* Assets.xcassets */; };
		043E382D1FBA819E00ED03B1 /* LaunchScreen.storyboard in Resources */ = {isa = PBXBuildFile; fileRef = 043E382B1FBA819E00ED03B1 /* LaunchScreen.storyboard */; };
		043E38301FBA819E00ED03B1 /* main.m in Sources */ = {isa = PBXBuildFile; fileRef = 043E382F1FBA819E00ED03B1 /* main.m */; };
		043E383A1FBA819E00ED03B1 /* CatAppTests.m in Sources */ = {isa = PBXBuildFile; fileRef = 043E38391FBA819E00ED03B1 /* CatAppTests.m */; };
		043E38451FBA819E00ED03B1 /* CatAppUITests.m in Sources */ = {isa = PBXBuildFile; fileRef = 043E38441FBA819E00ED03B1 /* CatAppUITests.m */; };
		043E38531FBA82C700ED03B1 /* Cat.wav in Resources */ = {isa = PBXBuildFile; fileRef = 043E38521FBA82C700ED03B1 /* Cat.wav */; };
		04A342A71FBBD917002B3A98 /* AudioToolbox.framework in Frameworks */ = {isa = PBXBuildFile; fileRef = 04A342A61FBBD909002B3A98 /* AudioToolbox.framework */; };
/* End PBXBuildFile section */

/* Begin PBXContainerItemProxy section */
		043E38361FBA819E00ED03B1 /* PBXContainerItemProxy */ = {
			isa = PBXContainerItemProxy;
			containerPortal = 043E38151FBA819D00ED03B1 /* Project object */;
			proxyType = 1;
			remoteGlobalIDString = 043E381C1FBA819E00ED03B1;
			remoteInfo = CatApp;
		};
		043E38411FBA819E00ED03B1 /* PBXContainerItemProxy */ = {
			isa = PBXContainerItemProxy;
			containerPortal = 043E38151FBA819D00ED03B1 /* Project object */;
			proxyType = 1;
			remoteGlobalIDString = 043E381C1FBA819E00ED03B1;
			remoteInfo = CatApp;
		};
/* End PBXContainerItemProxy section */

/* Begin PBXFileReference section */
		043E381D1FBA819E00ED03B1 /* CatApp.app */ = {isa = PBXFileReference; explicitFileType = wrapper.application; includeInIndex = 0; path = CatApp.app; sourceTree = BUILT_PRODUCTS_DIR; };
		043E38201FBA819E00ED03B1 /* AppDelegate.h */ = {isa = PBXFileReference; lastKnownFileType = sourcecode.c.h; path = AppDelegate.h; sourceTree = "<group>"; };
		043E38211FBA819E00ED03B1 /* AppDelegate.m */ = {isa = PBXFileReference; lastKnownFileType = sourcecode.c.objc; path = AppDelegate.m; sourceTree = "<group>"; };
		043E38231FBA819E00ED03B1 /* ViewController.h */ = {isa = PBXFileReference; lastKnownFileType = sourcecode.c.h; path = ViewController.h; sourceTree = "<group>"; };
		043E38241FBA819E00ED03B1 /* ViewController.m */ = {isa = PBXFileReference; lastKnownFileType = sourcecode.c.objc; path = ViewController.m; sourceTree = "<group>"; };
		043E38271FBA819E00ED03B1 /* Base */ = {isa = PBXFileReference; lastKnownFileType = file.storyboard; name = Base; path = Base.lproj/Main.storyboard; sourceTree = "<group>"; };
		043E38291FBA819E00ED03B1 /* Assets.xcassets */ = {isa = PBXFileReference; lastKnownFileType = folder.assetcatalog; path = Assets.xcassets; sourceTree = "<group>"; };
		043E382C1FBA819E00ED03B1 /* Base */ = {isa = PBXFileReference; lastKnownFileType = file.storyboard; name = Base; path = Base.lproj/LaunchScreen.storyboard; sourceTree = "<group>"; };
		043E382E1FBA819E00ED03B1 /* Info.plist */ = {isa = PBXFileReference; lastKnownFileType = text.plist.xml; path = Info.plist; sourceTree = "<group>"; };
		043E382F1FBA819E00ED03B1 /* main.m */ = {isa = PBXFileReference; lastKnownFileType = sourcecode.c.objc; path = main.m; sourceTree = "<group>"; };
		043E38351FBA819E00ED03B1 /* CatAppTests.xctest */ = {isa = PBXFileReference; explicitFileType = wrapper.cfbundle; includeInIndex = 0; path = CatAppTests.xctest; sourceTree = BUILT_PRODUCTS_DIR; };
		043E38391FBA819E00ED03B1 /* CatAppTests.m */ = {isa = PBXFileReference; lastKnownFileType = sourcecode.c.objc; path = CatAppTests.m; sourceTree = "<group>"; };
		043E383B1FBA819E00ED03B1 /* Info.plist */ = {isa = PBXFileReference; lastKnownFileType = text.plist.xml; path = Info.plist; sourceTree = "<group>"; };
		043E38401FBA819E00ED03B1 /* CatAppUITests.xctest */ = {isa = PBXFileReference; explicitFileType = wrapper.cfbundle; includeInIndex = 0; path = CatAppUITests.xctest; sourceTree = BUILT_PRODUCTS_DIR; };
		043E38441FBA819E00ED03B1 /* CatAppUITests.m */ = {isa = PBXFileReference; lastKnownFileType = sourcecode.c.objc; path = CatAppUITests.m; sourceTree = "<group>"; };
		043E38461FBA819E00ED03B1 /* Info.plist */ = {isa = PBXFileReference; lastKnownFileType = text.plist.xml; path = Info.plist; sourceTree = "<group>"; };
		043E38521FBA82C700ED03B1 /* Cat.wav */ = {isa = PBXFileReference; lastKnownFileType = audio.wav; path = Cat.wav; sourceTree = SOURCE_ROOT; };
		04A342A61FBBD909002B3A98 /* AudioToolbox.framework */ = {isa = PBXFileReference; lastKnownFileType = wrapper.framework; name = AudioToolbox.framework; path = System/Library/Frameworks/AudioToolbox.framework; sourceTree = SDKROOT; };
/* End PBXFileReference section */

/* Begin PBXFrameworksBuildPhase section */
		043E381A1FBA819E00ED03B1 /* Frameworks */ = {
			isa = PBXFrameworksBuildPhase;
			buildActionMask = 2147483647;
			files = (
				04A342A71FBBD917002B3A98 /* AudioToolbox.framework in Frameworks */,
			);
			runOnlyForDeploymentPostprocessing = 0;
		};
		043E38321FBA819E00ED03B1 /* Frameworks */ = {
			isa = PBXFrameworksBuildPhase;
			buildActionMask = 2147483647;
			files = (
			);
			runOnlyForDeploymentPostprocessing = 0;
		};
		043E383D1FBA819E00ED03B1 /* Frameworks */ = {
			isa = PBXFrameworksBuildPhase;
			buildActionMask = 2147483647;
			files = (
			);
			runOnlyForDeploymentPostprocessing = 0;
		};
/* End PBXFrameworksBuildPhase section */

/* Begin PBXGroup section */
		043E38141FBA819D00ED03B1 = {
			isa = PBXGroup;
			children = (
				043E381F1FBA819E00ED03B1 /* CatApp */,
				043E38381FBA819E00ED03B1 /* CatAppTests */,
				043E38431FBA819E00ED03B1 /* CatAppUITests */,
				043E381E1FBA819E00ED03B1 /* Products */,
				04A342A51FBBD909002B3A98 /* Frameworks */,
			);
			sourceTree = "<group>";
		};
		043E381E1FBA819E00ED03B1 /* Products */ = {
			isa = PBXGroup;
			children = (
				043E381D1FBA819E00ED03B1 /* CatApp.app */,
				043E38351FBA819E00ED03B1 /* CatAppTests.xctest */,
				043E38401FBA819E00ED03B1 /* CatAppUITests.xctest */,
			);
			name = Products;
			sourceTree = "<group>";
		};
		043E381F1FBA819E00ED03B1 /* CatApp */ = {
			isa = PBXGroup;
			children = (
				043E38201FBA819E00ED03B1 /* AppDelegate.h */,
				043E38211FBA819E00ED03B1 /* AppDelegate.m */,
				043E38231FBA819E00ED03B1 /* ViewController.h */,
				043E38241FBA819E00ED03B1 /* ViewController.m */,
				043E38261FBA819E00ED03B1 /* Main.storyboard */,
				043E38291FBA819E00ED03B1 /* Assets.xcassets */,
				043E382B1FBA819E00ED03B1 /* LaunchScreen.storyboard */,
				043E382E1FBA819E00ED03B1 /* Info.plist */,
				043E382F1FBA819E00ED03B1 /* main.m */,
				043E38521FBA82C700ED03B1 /* Cat.wav */,
			);
			path = CatApp;
			sourceTree = "<group>";
		};
		043E38381FBA819E00ED03B1 /* CatAppTests */ = {
			isa = PBXGroup;
			children = (
				043E38391FBA819E00ED03B1 /* CatAppTests.m */,
				043E383B1FBA819E00ED03B1 /* Info.plist */,
			);
			path = CatAppTests;
			sourceTree = "<group>";
		};
		043E38431FBA819E00ED03B1 /* CatAppUITests */ = {
			isa = PBXGroup;
			children = (
				043E38441FBA819E00ED03B1 /* CatAppUITests.m */,
				043E38461FBA819E00ED03B1 /* Info.plist */,
			);
			path = CatAppUITests;
			sourceTree = "<group>";
		};
		04A342A51FBBD909002B3A98 /* Frameworks */ = {
			isa = PBXGroup;
			children = (
				04A342A61FBBD909002B3A98 /* AudioToolbox.framework */,
			);
			name = Frameworks;
			sourceTree = "<group>";
		};
/* End PBXGroup section */

/* Begin PBXNativeTarget section */
		043E381C1FBA819E00ED03B1 /* CatApp */ = {
			isa = PBXNativeTarget;
			buildConfigurationList = 043E38491FBA819E00ED03B1 /* Build configuration list for PBXNativeTarget "CatApp" */;
			buildPhases = (
				043E38191FBA819E00ED03B1 /* Sources */,
				043E381A1FBA819E00ED03B1 /* Frameworks */,
				043E381B1FBA819E00ED03B1 /* Resources */,
			);
			buildRules = (
			);
			dependencies = (
			);
			name = CatApp;
			productName = CatApp;
			productReference = 043E381D1FBA819E00ED03B1 /* CatApp.app */;
			productType = "com.apple.product-type.application";
		};
		043E38341FBA819E00ED03B1 /* CatAppTests */ = {
			isa = PBXNativeTarget;
			buildConfigurationList = 043E384C1FBA819E00ED03B1 /* Build configuration list for PBXNativeTarget "CatAppTests" */;
			buildPhases = (
				043E38311FBA819E00ED03B1 /* Sources */,
				043E38321FBA819E00ED03B1 /* Frameworks */,
				043E38331FBA819E00ED03B1 /* Resources */,
			);
			buildRules = (
			);
			dependencies = (
				043E38371FBA819E00ED03B1 /* PBXTargetDependency */,
			);
			name = CatAppTests;
			productName = CatAppTests;
			productReference = 043E38351FBA819E00ED03B1 /* CatAppTests.xctest */;
			productType = "com.apple.product-type.bundle.unit-test";
		};
		043E383F1FBA819E00ED03B1 /* CatAppUITests */ = {
			isa = PBXNativeTarget;
			buildConfigurationList = 043E384F1FBA819E00ED03B1 /* Build configuration list for PBXNativeTarget "CatAppUITests" */;
			buildPhases = (
				043E383C1FBA819E00ED03B1 /* Sources */,
				043E383D1FBA819E00ED03B1 /* Frameworks */,
				043E383E1FBA819E00ED03B1 /* Resources */,
			);
			buildRules = (
			);
			dependencies = (
				043E38421FBA819E00ED03B1 /* PBXTargetDependency */,
			);
			name = CatAppUITests;
			productName = CatAppUITests;
			productReference = 043E38401FBA819E00ED03B1 /* CatAppUITests.xctest */;
			productType = "com.apple.product-type.bundle.ui-testing";
		};
/* End PBXNativeTarget section */

/* Begin PBXProject section */
		043E38151FBA819D00ED03B1 /* Project object */ = {
			isa = PBXProject;
			attributes = {
				LastUpgradeCheck = 0910;
				ORGANIZATIONNAME = "Sunny Lee";
				TargetAttributes = {
					043E381C1FBA819E00ED03B1 = {
						CreatedOnToolsVersion = 9.1;
						ProvisioningStyle = Automatic;
					};
					043E38341FBA819E00ED03B1 = {
						CreatedOnToolsVersion = 9.1;
						ProvisioningStyle = Automatic;
						TestTargetID = 043E381C1FBA819E00ED03B1;
					};
					043E383F1FBA819E00ED03B1 = {
						CreatedOnToolsVersion = 9.1;
						ProvisioningStyle = Automatic;
						TestTargetID = 043E381C1FBA819E00ED03B1;
					};
				};
			};
			buildConfigurationList = 043E38181FBA819D00ED03B1 /* Build configuration list for PBXProject "CatApp" */;
			compatibilityVersion = "Xcode 8.0";
			developmentRegion = en;
			hasScannedForEncodings = 0;
			knownRegions = (
				en,
				Base,
			);
			mainGroup = 043E38141FBA819D00ED03B1;
			productRefGroup = 043E381E1FBA819E00ED03B1 /* Products */;
			projectDirPath = "";
			projectRoot = "";
			targets = (
				043E381C1FBA819E00ED03B1 /* CatApp */,
				043E38341FBA819E00ED03B1 /* CatAppTests */,
				043E383F1FBA819E00ED03B1 /* CatAppUITests */,
			);
		};
/* End PBXProject section */

/* Begin PBXResourcesBuildPhase section */
		043E381B1FBA819E00ED03B1 /* Resources */ = {
			isa = PBXResourcesBuildPhase;
			buildActionMask = 2147483647;
			files = (
				043E382D1FBA819E00ED03B1 /* LaunchScreen.storyboard in Resources */,
				043E382A1FBA819E00ED03B1 /* Assets.xcassets in Resources */,
				043E38281FBA819E00ED03B1 /* Main.storyboard in Resources */,
				043E38531FBA82C700ED03B1 /* Cat.wav in Resources */,
			);
			runOnlyForDeploymentPostprocessing = 0;
		};
		043E38331FBA819E00ED03B1 /* Resources */ = {
			isa = PBXResourcesBuildPhase;
			buildActionMask = 2147483647;
			files = (
			);
			runOnlyForDeploymentPostprocessing = 0;
		};
		043E383E1FBA819E00ED03B1 /* Resources */ = {
			isa = PBXResourcesBuildPhase;
			buildActionMask = 2147483647;
			files = (
			);
			runOnlyForDeploymentPostprocessing = 0;
		};
/* End PBXResourcesBuildPhase section */

/* Begin PBXSourcesBuildPhase section */
		043E38191FBA819E00ED03B1 /* Sources */ = {
			isa = PBXSourcesBuildPhase;
			buildActionMask = 2147483647;
			files = (
				043E38251FBA819E00ED03B1 /* ViewController.m in Sources */,
				043E38301FBA819E00ED03B1 /* main.m in Sources */,
				043E38221FBA819E00ED03B1 /* AppDelegate.m in Sources */,
			);
			runOnlyForDeploymentPostprocessing = 0;
		};
		043E38311FBA819E00ED03B1 /* Sources */ = {
			isa = PBXSourcesBuildPhase;
			buildActionMask = 2147483647;
			files = (
				043E383A1FBA819E00ED03B1 /* CatAppTests.m in Sources */,
			);
			runOnlyForDeploymentPostprocessing = 0;
		};
		043E383C1FBA819E00ED03B1 /* Sources */ = {
			isa = PBXSourcesBuildPhase;
			buildActionMask = 2147483647;
			files = (
				043E38451FBA819E00ED03B1 /* CatAppUITests.m in Sources */,
			);
			runOnlyForDeploymentPostprocessing = 0;
		};
/* End PBXSourcesBuildPhase section */

/* Begin PBXTargetDependency section */
		043E38371FBA819E00ED03B1 /* PBXTargetDependency */ = {
			isa = PBXTargetDependency;
			target = 043E381C1FBA819E00ED03B1 /* CatApp */;
			targetProxy = 043E38361FBA819E00ED03B1 /* PBXContainerItemProxy */;
		};
		043E38421FBA819E00ED03B1 /* PBXTargetDependency */ = {
			isa = PBXTargetDependency;
			target = 043E381C1FBA819E00ED03B1 /* CatApp */;
			targetProxy = 043E38411FBA819E00ED03B1 /* PBXContainerItemProxy */;
		};
/* End PBXTargetDependency section */

/* Begin PBXVariantGroup section */
		043E38261FBA819E00ED03B1 /* Main.storyboard */ = {
			isa = PBXVariantGroup;
			children = (
				043E38271FBA819E00ED03B1 /* Base */,
			);
			name = Main.storyboard;
			sourceTree = "<group>";
		};
		043E382B1FBA819E00ED03B1 /* LaunchScreen.storyboard */ = {
			isa = PBXVariantGroup;
			children = (
				043E382C1FBA819E00ED03B1 /* Base */,
			);
			name = LaunchScreen.storyboard;
			sourceTree = "<group>";
		};
/* End PBXVariantGroup section */

/* Begin XCBuildConfiguration section */
		043E38471FBA819E00ED03B1 /* Debug */ = {
			isa = XCBuildConfiguration;
			buildSettings = {
				ALWAYS_SEARCH_USER_PATHS = NO;
				CLANG_ANALYZER_NONNULL = YES;
				CLANG_ANALYZER_NUMBER_OBJECT_CONVERSION = YES_AGGRESSIVE;
				CLANG_CXX_LANGUAGE_STANDARD = "gnu++14";
				CLANG_CXX_LIBRARY = "libc++";
				CLANG_ENABLE_MODULES = YES;
				CLANG_ENABLE_OBJC_ARC = YES;
				CLANG_WARN_BLOCK_CAPTURE_AUTORELEASING = YES;
				CLANG_WARN_BOOL_CONVERSION = YES;
				CLANG_WARN_COMMA = YES;
				CLANG_WARN_CONSTANT_CONVERSION = YES;
				CLANG_WARN_DIRECT_OBJC_ISA_USAGE = YES_ERROR;
				CLANG_WARN_DOCUMENTATION_COMMENTS = YES;
				CLANG_WARN_EMPTY_BODY = YES;
				CLANG_WARN_ENUM_CONVERSION = YES;
				CLANG_WARN_INFINITE_RECURSION = YES;
				CLANG_WARN_INT_CONVERSION = YES;
				CLANG_WARN_NON_LITERAL_NULL_CONVERSION = YES;
				CLANG_WARN_OBJC_LITERAL_CONVERSION = YES;
				CLANG_WARN_OBJC_ROOT_CLASS = YES_ERROR;
				CLANG_WARN_RANGE_LOOP_ANALYSIS = YES;
				CLANG_WARN_STRICT_PROTOTYPES = YES;
				CLANG_WARN_SUSPICIOUS_MOVE = YES;
				CLANG_WARN_UNGUARDED_AVAILABILITY = YES_AGGRESSIVE;
				CLANG_WARN_UNREACHABLE_CODE = YES;
				CLANG_WARN__DUPLICATE_METHOD_MATCH = YES;
				CODE_SIGN_IDENTITY = "iPhone Developer";
				COPY_PHASE_STRIP = NO;
				DEBUG_INFORMATION_FORMAT = dwarf;
				ENABLE_STRICT_OBJC_MSGSEND = YES;
				ENABLE_TESTABILITY = YES;
				GCC_C_LANGUAGE_STANDARD = gnu11;
				GCC_DYNAMIC_NO_PIC = NO;
				GCC_NO_COMMON_BLOCKS = YES;
				GCC_OPTIMIZATION_LEVEL = 0;
				GCC_PREPROCESSOR_DEFINITIONS = (
					"DEBUG=1",
					"$(inherited)",
				);
				GCC_WARN_64_TO_32_BIT_CONVERSION = YES;
				GCC_WARN_ABOUT_RETURN_TYPE = YES_ERROR;
				GCC_WARN_UNDECLARED_SELECTOR = YES;
				GCC_WARN_UNINITIALIZED_AUTOS = YES_AGGRESSIVE;
				GCC_WARN_UNUSED_FUNCTION = YES;
				GCC_WARN_UNUSED_VARIABLE = YES;
				IPHONEOS_DEPLOYMENT_TARGET = 11.1;
				MTL_ENABLE_DEBUG_INFO = YES;
				ONLY_ACTIVE_ARCH = YES;
				SDKROOT = iphoneos;
			};
			name = Debug;
		};
		043E38481FBA819E00ED03B1 /* Release */ = {
			isa = XCBuildConfiguration;
			buildSettings = {
				ALWAYS_SEARCH_USER_PATHS = NO;
				CLANG_ANALYZER_NONNULL = YES;
				CLANG_ANALYZER_NUMBER_OBJECT_CONVERSION = YES_AGGRESSIVE;
				CLANG_CXX_LANGUAGE_STANDARD = "gnu++14";
				CLANG_CXX_LIBRARY = "libc++";
				CLANG_ENABLE_MODULES = YES;
				CLANG_ENABLE_OBJC_ARC = YES;
				CLANG_WARN_BLOCK_CAPTURE_AUTORELEASING = YES;
				CLANG_WARN_BOOL_CONVERSION = YES;
				CLANG_WARN_COMMA = YES;
				CLANG_WARN_CONSTANT_CONVERSION = YES;
				CLANG_WARN_DIRECT_OBJC_ISA_USAGE = YES_ERROR;
				CLANG_WARN_DOCUMENTATION_COMMENTS = YES;
				CLANG_WARN_EMPTY_BODY = YES;
				CLANG_WARN_ENUM_CONVERSION = YES;
				CLANG_WARN_INFINITE_RECURSION = YES;
				CLANG_WARN_INT_CONVERSION = YES;
				CLANG_WARN_NON_LITERAL_NULL_CONVERSION = YES;
				CLANG_WARN_OBJC_LITERAL_CONVERSION = YES;
				CLANG_WARN_OBJC_ROOT_CLASS = YES_ERROR;
				CLANG_WARN_RANGE_LOOP_ANALYSIS = YES;
				CLANG_WARN_STRICT_PROTOTYPES = YES;
				CLANG_WARN_SUSPICIOUS_MOVE = YES;
				CLANG_WARN_UNGUARDED_AVAILABILITY = YES_AGGRESSIVE;
				CLANG_WARN_UNREACHABLE_CODE = YES;
				CLANG_WARN__DUPLICATE_METHOD_MATCH = YES;
				CODE_SIGN_IDENTITY = "iPhone Developer";
				COPY_PHASE_STRIP = NO;
				DEBUG_INFORMATION_FORMAT = "dwarf-with-dsym";
				ENABLE_NS_ASSERTIONS = NO;
				ENABLE_STRICT_OBJC_MSGSEND = YES;
				GCC_C_LANGUAGE_STANDARD = gnu11;
				GCC_NO_COMMON_BLOCKS = YES;
				GCC_WARN_64_TO_32_BIT_CONVERSION = YES;
				GCC_WARN_ABOUT_RETURN_TYPE = YES_ERROR;
				GCC_WARN_UNDECLARED_SELECTOR = YES;
				GCC_WARN_UNINITIALIZED_AUTOS = YES_AGGRESSIVE;
				GCC_WARN_UNUSED_FUNCTION = YES;
				GCC_WARN_UNUSED_VARIABLE = YES;
				IPHONEOS_DEPLOYMENT_TARGET = 11.1;
				MTL_ENABLE_DEBUG_INFO = NO;
				SDKROOT = iphoneos;
				VALIDATE_PRODUCT = YES;
			};
			name = Release;
		};
		043E384A1FBA819E00ED03B1 /* Debug */ = {
			isa = XCBuildConfiguration;
			buildSettings = {
				ASSETCATALOG_COMPILER_APPICON_NAME = AppIcon;
				CODE_SIGN_STYLE = Automatic;
				DEVELOPMENT_TEAM = VJGEDW5SA9;
				INFOPLIST_FILE = CatApp/Info.plist;
				LD_RUNPATH_SEARCH_PATHS = "$(inherited) @executable_path/Frameworks";
				PRODUCT_BUNDLE_IDENTIFIER = com.sunnyleeyun.CatApp;
				PRODUCT_NAME = "$(TARGET_NAME)";
				TARGETED_DEVICE_FAMILY = "1,2";
			};
			name = Debug;
		};
		043E384B1FBA819E00ED03B1 /* Release */ = {
			isa = XCBuildConfiguration;
			buildSettings = {
				ASSETCATALOG_COMPILER_APPICON_NAME = AppIcon;
				CODE_SIGN_STYLE = Automatic;
				DEVELOPMENT_TEAM = VJGEDW5SA9;
				INFOPLIST_FILE = CatApp/Info.plist;
				LD_RUNPATH_SEARCH_PATHS = "$(inherited) @executable_path/Frameworks";
				PRODUCT_BUNDLE_IDENTIFIER = com.sunnyleeyun.CatApp;
				PRODUCT_NAME = "$(TARGET_NAME)";
				TARGETED_DEVICE_FAMILY = "1,2";
			};
			name = Release;
		};
		043E384D1FBA819E00ED03B1 /* Debug */ = {
			isa = XCBuildConfiguration;
			buildSettings = {
				BUNDLE_LOADER = "$(TEST_HOST)";
				CODE_SIGN_STYLE = Automatic;
				DEVELOPMENT_TEAM = VJGEDW5SA9;
				INFOPLIST_FILE = CatAppTests/Info.plist;
				LD_RUNPATH_SEARCH_PATHS = "$(inherited) @executable_path/Frameworks @loader_path/Frameworks";
				PRODUCT_BUNDLE_IDENTIFIER = com.sunnyleeyun.CatAppTests;
				PRODUCT_NAME = "$(TARGET_NAME)";
				TARGETED_DEVICE_FAMILY = "1,2";
				TEST_HOST = "$(BUILT_PRODUCTS_DIR)/CatApp.app/CatApp";
			};
			name = Debug;
		};
		043E384E1FBA819E00ED03B1 /* Release */ = {
			isa = XCBuildConfiguration;
			buildSettings = {
				BUNDLE_LOADER = "$(TEST_HOST)";
				CODE_SIGN_STYLE = Automatic;
				DEVELOPMENT_TEAM = VJGEDW5SA9;
				INFOPLIST_FILE = CatAppTests/Info.plist;
				LD_RUNPATH_SEARCH_PATHS = "$(inherited) @executable_path/Frameworks @loader_path/Frameworks";
				PRODUCT_BUNDLE_IDENTIFIER = com.sunnyleeyun.CatAppTests;
				PRODUCT_NAME = "$(TARGET_NAME)";
				TARGETED_DEVICE_FAMILY = "1,2";
				TEST_HOST = "$(BUILT_PRODUCTS_DIR)/CatApp.app/CatApp";
			};
			name = Release;
		};
		043E38501FBA819E00ED03B1 /* Debug */ = {
			isa = XCBuildConfiguration;
			buildSettings = {
				CODE_SIGN_STYLE = Automatic;
				DEVELOPMENT_TEAM = VJGEDW5SA9;
				INFOPLIST_FILE = CatAppUITests/Info.plist;
				LD_RUNPATH_SEARCH_PATHS = "$(inherited) @executable_path/Frameworks @loader_path/Frameworks";
				PRODUCT_BUNDLE_IDENTIFIER = com.sunnyleeyun.CatAppUITests;
				PRODUCT_NAME = "$(TARGET_NAME)";
				TARGETED_DEVICE_FAMILY = "1,2";
				TEST_TARGET_NAME = CatApp;
			};
			name = Debug;
		};
		043E38511FBA819E00ED03B1 /* Release */ = {
			isa = XCBuildConfiguration;
			buildSettings = {
				CODE_SIGN_STYLE = Automatic;
				DEVELOPMENT_TEAM = VJGEDW5SA9;
				INFOPLIST_FILE = CatAppUITests/Info.plist;
				LD_RUNPATH_SEARCH_PATHS = "$(inherited) @executable_path/Frameworks @loader_path/Frameworks";
				PRODUCT_BUNDLE_IDENTIFIER = com.sunnyleeyun.CatAppUITests;
				PRODUCT_NAME = "$(TARGET_NAME)";
				TARGETED_DEVICE_FAMILY = "1,2";
				TEST_TARGET_NAME = CatApp;
			};
			name = Release;
		};
/* End XCBuildConfiguration section */

/* Begin XCConfigurationList section */
		043E38181FBA819D00ED03B1 /* Build configuration list for PBXProject "CatApp" */ = {
			isa = XCConfigurationList;
			buildConfigurations = (
				043E38471FBA819E00ED03B1 /* Debug */,
				043E38481FBA819E00ED03B1 /* Release */,
			);
			defaultConfigurationIsVisible = 0;
			defaultConfigurationName = Release;
		};
		043E38491FBA819E00ED03B1 /* Build configuration list for PBXNativeTarget "CatApp" */ = {
			isa = XCConfigurationList;
			buildConfigurations = (
				043E384A1FBA819E00ED03B1 /* Debug */,
				043E384B1FBA819E00ED03B1 /* Release */,
			);
			defaultConfigurationIsVisible = 0;
			defaultConfigurationName = Release;
		};
		043E384C1FBA819E00ED03B1 /* Build configuration list for PBXNativeTarget "CatAppTests" */ = {
			isa = XCConfigurationList;
			buildConfigurations = (
				043E384D1FBA819E00ED03B1 /* Debug */,
				043E384E1FBA819E00ED03B1 /* Release */,
			);
			defaultConfigurationIsVisible = 0;
			defaultConfigurationName = Release;
		};
		043E384F1FBA819E00ED03B1 /* Build configuration list for PBXNativeTarget "CatAppUITests" */ = {
			isa = XCConfigurationList;
			buildConfigurations = (
				043E38501FBA819E00ED03B1 /* Debug */,
				043E38511FBA819E00ED03B1 /* Release */,
			);
			defaultConfigurationIsVisible = 0;
			defaultConfigurationName = Release;
		};
/* End XCConfigurationList section */
	};
	rootObject = 043E38151FBA819D00ED03B1 /* Project object */;
}
